
Microsoft Visual Studio Solution File, Format Version 12.00
# Visual Studio Version 17
VisualStudioVersion = 17.0.31919.166
MinimumVisualStudioVersion = 10.0.40219.1
Project("{FAE04EC0-301F-11D3-BF4B-00C04F79EFBC}") = "NZWalks.Api", "NZWalks.Api\NZWalks.Api.csproj", "{E8F040C7-ACC2-4B90-8608-AA4CC8F36E99}"
EndProject
Global
	GlobalSection(SolutionConfigurationPlatforms) = preSolution
		Debug|Any CPU = Debug|Any CPU
		Release|Any CPU = Release|Any CPU
	EndGlobalSection
	GlobalSection(ProjectConfigurationPlatforms) = postSolution
		{E8F040C7-ACC2-4B90-8608-AA4CC8F36E99}.Debug|Any CPU.ActiveCfg = Debug|Any CPU
		{E8F040C7-ACC2-4B90-8608-AA4CC8F36E99}.Debug|Any CPU.Build.0 = Debug|Any CPU
		{E8F040C7-ACC2-4B90-8608-AA4CC8F36E99}.Release|Any CPU.ActiveCfg = Release|Any CPU
		{E8F040C7-ACC2-4B90-8608-AA4CC8F36E99}.Release|Any CPU.Build.0 = Release|Any CPU
	EndGlobalSection
	GlobalSection(SolutionProperties) = preSolution
		HideSolutionNode = FALSE
	EndGlobalSection
	GlobalSection(ExtensibilityGlobals) = postSolution
		SolutionGuid = {36B50388-0E69-4781-A21D-3907E83B5CF6}
	EndGlobalSection
EndGlobal
